
Microsoft Visual Studio Solution File, Format Version 11.00
# Visual C# Express 2010
Project("{FAE04EC0-301F-11D3-BF4B-00C04F79EFBC}") = "CityWars", "CityWars\CityWars\CityWars.csproj", "{D6DC0ACF-BDD0-426D-9C14-1A11C18D3238}"
EndProject
Project("{96E2B04D-8817-42C6-938A-82C39BA4D311}") = "CityWarsContent", "CityWars\CityWarsContent\CityWarsContent.contentproj", "{0C82291D-9463-4261-A228-9AE725BFE66E}"
EndProject
Global
	GlobalSection(SolutionConfigurationPlatforms) = preSolution
		Debug|x86 = Debug|x86
		Release|x86 = Release|x86
	EndGlobalSection
	GlobalSection(ProjectConfigurationPlatforms) = postSolution
		{D6DC0ACF-BDD0-426D-9C14-1A11C18D3238}.Debug|x86.ActiveCfg = Debug|x86
		{D6DC0ACF-BDD0-426D-9C14-1A11C18D3238}.Debug|x86.Build.0 = Debug|x86
		{D6DC0ACF-BDD0-426D-9C14-1A11C18D3238}.Release|x86.ActiveCfg = Release|x86
		{D6DC0ACF-BDD0-426D-9C14-1A11C18D3238}.Release|x86.Build.0 = Release|x86
		{0C82291D-9463-4261-A228-9AE725BFE66E}.Debug|x86.ActiveCfg = Debug|x86
		{0C82291D-9463-4261-A228-9AE725BFE66E}.Release|x86.ActiveCfg = Release|x86
	EndGlobalSection
	GlobalSection(SolutionProperties) = preSolution
		HideSolutionNode = FALSE
	EndGlobalSection
EndGlobal
